
Microsoft Visual Studio Solution File, Format Version 12.00
# Visual Studio Version 17
VisualStudioVersion = 17.4.33205.214
MinimumVisualStudioVersion = 10.0.40219.1
Project("{FAE04EC0-301F-11D3-BF4B-00C04F79EFBC}") = "WebTask", "Task\WebTask.csproj", "{B3781DFA-93A2-4EBE-B258-DC1631EB2EE6}"
EndProject
Project("{FAE04EC0-301F-11D3-BF4B-00C04F79EFBC}") = "WebTask.Core", "Task.Core\WebTask.Core.csproj", "{CA8E7396-19FD-4283-B512-225E03B9E207}"
EndProject
Project("{FAE04EC0-301F-11D3-BF4B-00C04F79EFBC}") = "WebTask.Infrastructure", "Task.Infrastructure\WebTask.Infrastructure.csproj", "{F8D4B704-8BB2-453F-BFEA-2C78AFE3FABA}"
EndProject
Global
	GlobalSection(SolutionConfigurationPlatforms) = preSolution
		Debug|Any CPU = Debug|Any CPU
		Release|Any CPU = Release|Any CPU
	EndGlobalSection
	GlobalSection(ProjectConfigurationPlatforms) = postSolution
		{B3781DFA-93A2-4EBE-B258-DC1631EB2EE6}.Debug|Any CPU.ActiveCfg = Debug|Any CPU
		{B3781DFA-93A2-4EBE-B258-DC1631EB2EE6}.Debug|Any CPU.Build.0 = Debug|Any CPU
		{B3781DFA-93A2-4EBE-B258-DC1631EB2EE6}.Release|Any CPU.ActiveCfg = Release|Any CPU
		{B3781DFA-93A2-4EBE-B258-DC1631EB2EE6}.Release|Any CPU.Build.0 = Release|Any CPU
		{CA8E7396-19FD-4283-B512-225E03B9E207}.Debug|Any CPU.ActiveCfg = Debug|Any CPU
		{CA8E7396-19FD-4283-B512-225E03B9E207}.Debug|Any CPU.Build.0 = Debug|Any CPU
		{CA8E7396-19FD-4283-B512-225E03B9E207}.Release|Any CPU.ActiveCfg = Release|Any CPU
		{CA8E7396-19FD-4283-B512-225E03B9E207}.Release|Any CPU.Build.0 = Release|Any CPU
		{F8D4B704-8BB2-453F-BFEA-2C78AFE3FABA}.Debug|Any CPU.ActiveCfg = Debug|Any CPU
		{F8D4B704-8BB2-453F-BFEA-2C78AFE3FABA}.Debug|Any CPU.Build.0 = Debug|Any CPU
		{F8D4B704-8BB2-453F-BFEA-2C78AFE3FABA}.Release|Any CPU.ActiveCfg = Release|Any CPU
		{F8D4B704-8BB2-453F-BFEA-2C78AFE3FABA}.Release|Any CPU.Build.0 = Release|Any CPU
	EndGlobalSection
	GlobalSection(SolutionProperties) = preSolution
		HideSolutionNode = FALSE
	EndGlobalSection
	GlobalSection(ExtensibilityGlobals) = postSolution
		SolutionGuid = {69006E85-DC87-4B47-9ED0-5041C1372480}
	EndGlobalSection
EndGlobal
